
Microsoft Visual Studio Solution File, Format Version 12.00
# Visual Studio 15
VisualStudioVersion = 15.0.26730.16
MinimumVisualStudioVersion = 10.0.40219.1
Project("{FAE04EC0-301F-11D3-BF4B-00C04F79EFBC}") = "WCF_SOAP_Template", "WCF_SOAP_Template\WCF_SOAP_Template.csproj", "{98C08DA9-5B2D-4E27-804A-978219C0B0B4}"
EndProject
Project("{FAE04EC0-301F-11D3-BF4B-00C04F79EFBC}") = "WCF_SOAP_TemplateTests", "WCF_SOAP_TemplateTests\WCF_SOAP_TemplateTests.csproj", "{79075EC1-C487-46D4-AB4C-32D93ABEE591}"
EndProject
Global
	GlobalSection(SolutionConfigurationPlatforms) = preSolution
		Debug|Any CPU = Debug|Any CPU
		Release|Any CPU = Release|Any CPU
	EndGlobalSection
	GlobalSection(ProjectConfigurationPlatforms) = postSolution
		{98C08DA9-5B2D-4E27-804A-978219C0B0B4}.Debug|Any CPU.ActiveCfg = Debug|Any CPU
		{98C08DA9-5B2D-4E27-804A-978219C0B0B4}.Debug|Any CPU.Build.0 = Debug|Any CPU
		{98C08DA9-5B2D-4E27-804A-978219C0B0B4}.Release|Any CPU.ActiveCfg = Release|Any CPU
		{98C08DA9-5B2D-4E27-804A-978219C0B0B4}.Release|Any CPU.Build.0 = Release|Any CPU
		{79075EC1-C487-46D4-AB4C-32D93ABEE591}.Debug|Any CPU.ActiveCfg = Debug|Any CPU
		{79075EC1-C487-46D4-AB4C-32D93ABEE591}.Debug|Any CPU.Build.0 = Debug|Any CPU
		{79075EC1-C487-46D4-AB4C-32D93ABEE591}.Release|Any CPU.ActiveCfg = Release|Any CPU
		{79075EC1-C487-46D4-AB4C-32D93ABEE591}.Release|Any CPU.Build.0 = Release|Any CPU
	EndGlobalSection
	GlobalSection(SolutionProperties) = preSolution
		HideSolutionNode = FALSE
	EndGlobalSection
	GlobalSection(ExtensibilityGlobals) = postSolution
		SolutionGuid = {A0D42EC0-4D10-4000-A1DB-7FBB02B9528F}
	EndGlobalSection
EndGlobal
